
Microsoft Visual Studio Solution File, Format Version 12.00
# Visual Studio Version 17
VisualStudioVersion = 17.3.32825.248
MinimumVisualStudioVersion = 10.0.40219.1
Project("{8BC9CEB8-8B4A-11D0-8D11-00A0C91BC942}") = "HW1_4", "HW1_4\HW1_4.vcxproj", "{1CA4EB63-D483-4DDB-877C-151DA7F5BBB2}"
EndProject
Global
	GlobalSection(SolutionConfigurationPlatforms) = preSolution
		Debug|x64 = Debug|x64
		Debug|x86 = Debug|x86
		Release|x64 = Release|x64
		Release|x86 = Release|x86
	EndGlobalSection
	GlobalSection(ProjectConfigurationPlatforms) = postSolution
		{1CA4EB63-D483-4DDB-877C-151DA7F5BBB2}.Debug|x64.ActiveCfg = Debug|x64
		{1CA4EB63-D483-4DDB-877C-151DA7F5BBB2}.Debug|x64.Build.0 = Debug|x64
		{1CA4EB63-D483-4DDB-877C-151DA7F5BBB2}.Debug|x86.ActiveCfg = Debug|Win32
		{1CA4EB63-D483-4DDB-877C-151DA7F5BBB2}.Debug|x86.Build.0 = Debug|Win32
		{1CA4EB63-D483-4DDB-877C-151DA7F5BBB2}.Release|x64.ActiveCfg = Release|x64
		{1CA4EB63-D483-4DDB-877C-151DA7F5BBB2}.Release|x64.Build.0 = Release|x64
		{1CA4EB63-D483-4DDB-877C-151DA7F5BBB2}.Release|x86.ActiveCfg = Release|Win32
		{1CA4EB63-D483-4DDB-877C-151DA7F5BBB2}.Release|x86.Build.0 = Release|Win32
	EndGlobalSection
	GlobalSection(SolutionProperties) = preSolution
		HideSolutionNode = FALSE
	EndGlobalSection
	GlobalSection(ExtensibilityGlobals) = postSolution
		SolutionGuid = {699BBCBC-0DD6-4D7C-9C17-CFB8E64B4758}
	EndGlobalSection
EndGlobal
